
Microsoft Visual Studio Solution File, Format Version 12.00
# Visual Studio Version 16
VisualStudioVersion = 16.0.32901.82
MinimumVisualStudioVersion = 10.0.40219.1
Project("{FAE04EC0-301F-11D3-BF4B-00C04F79EFBC}") = "Zadanie5Practic5", "Zadanie5Practic5\Zadanie5Practic5.csproj", "{02E56A53-FBBD-4059-9E84-C9A1372BE720}"
EndProject
Global
	GlobalSection(SolutionConfigurationPlatforms) = preSolution
		Debug|Any CPU = Debug|Any CPU
		Release|Any CPU = Release|Any CPU
	EndGlobalSection
	GlobalSection(ProjectConfigurationPlatforms) = postSolution
		{02E56A53-FBBD-4059-9E84-C9A1372BE720}.Debug|Any CPU.ActiveCfg = Debug|Any CPU
		{02E56A53-FBBD-4059-9E84-C9A1372BE720}.Debug|Any CPU.Build.0 = Debug|Any CPU
		{02E56A53-FBBD-4059-9E84-C9A1372BE720}.Release|Any CPU.ActiveCfg = Release|Any CPU
		{02E56A53-FBBD-4059-9E84-C9A1372BE720}.Release|Any CPU.Build.0 = Release|Any CPU
	EndGlobalSection
	GlobalSection(SolutionProperties) = preSolution
		HideSolutionNode = FALSE
	EndGlobalSection
	GlobalSection(ExtensibilityGlobals) = postSolution
		SolutionGuid = {20466ED3-F2E4-4570-9472-7C044FA34F5B}
	EndGlobalSection
EndGlobal
