
Microsoft Visual Studio Solution File, Format Version 12.00
# Visual Studio Version 16
VisualStudioVersion = 16.0.32901.82
MinimumVisualStudioVersion = 10.0.40219.1
Project("{FAE04EC0-301F-11D3-BF4B-00C04F79EFBC}") = "Zadanie2Practic5", "Zadanie2Practic5\Zadanie2Practic5.csproj", "{FCEFE1E4-9CAE-46BA-9CFF-199704416746}"
EndProject
Global
	GlobalSection(SolutionConfigurationPlatforms) = preSolution
		Debug|Any CPU = Debug|Any CPU
		Release|Any CPU = Release|Any CPU
	EndGlobalSection
	GlobalSection(ProjectConfigurationPlatforms) = postSolution
		{FCEFE1E4-9CAE-46BA-9CFF-199704416746}.Debug|Any CPU.ActiveCfg = Debug|Any CPU
		{FCEFE1E4-9CAE-46BA-9CFF-199704416746}.Debug|Any CPU.Build.0 = Debug|Any CPU
		{FCEFE1E4-9CAE-46BA-9CFF-199704416746}.Release|Any CPU.ActiveCfg = Release|Any CPU
		{FCEFE1E4-9CAE-46BA-9CFF-199704416746}.Release|Any CPU.Build.0 = Release|Any CPU
	EndGlobalSection
	GlobalSection(SolutionProperties) = preSolution
		HideSolutionNode = FALSE
	EndGlobalSection
	GlobalSection(ExtensibilityGlobals) = postSolution
		SolutionGuid = {6D2F96B1-81C8-4070-80E9-7425147AD558}
	EndGlobalSection
EndGlobal
