
Microsoft Visual Studio Solution File, Format Version 12.00
# Visual Studio Version 16
VisualStudioVersion = 16.0.32901.82
MinimumVisualStudioVersion = 10.0.40219.1
Project("{FAE04EC0-301F-11D3-BF4B-00C04F79EFBC}") = "Zadanie4Practic5", "Zadanie4Practic5\Zadanie4Practic5.csproj", "{EECFAA36-14BD-4C80-AC08-E822C0841EF0}"
EndProject
Global
	GlobalSection(SolutionConfigurationPlatforms) = preSolution
		Debug|Any CPU = Debug|Any CPU
		Release|Any CPU = Release|Any CPU
	EndGlobalSection
	GlobalSection(ProjectConfigurationPlatforms) = postSolution
		{EECFAA36-14BD-4C80-AC08-E822C0841EF0}.Debug|Any CPU.ActiveCfg = Debug|Any CPU
		{EECFAA36-14BD-4C80-AC08-E822C0841EF0}.Debug|Any CPU.Build.0 = Debug|Any CPU
		{EECFAA36-14BD-4C80-AC08-E822C0841EF0}.Release|Any CPU.ActiveCfg = Release|Any CPU
		{EECFAA36-14BD-4C80-AC08-E822C0841EF0}.Release|Any CPU.Build.0 = Release|Any CPU
	EndGlobalSection
	GlobalSection(SolutionProperties) = preSolution
		HideSolutionNode = FALSE
	EndGlobalSection
	GlobalSection(ExtensibilityGlobals) = postSolution
		SolutionGuid = {07044FBF-EB4B-48B1-A2A2-96C6E13D9478}
	EndGlobalSection
EndGlobal
