
Microsoft Visual Studio Solution File, Format Version 12.00
# Visual Studio Version 16
VisualStudioVersion = 16.0.32901.82
MinimumVisualStudioVersion = 10.0.40219.1
Project("{FAE04EC0-301F-11D3-BF4B-00C04F79EFBC}") = "Zadanie3Practic5", "Zadanie3Practic5\Zadanie3Practic5.csproj", "{94311A3C-F6CE-447E-9F88-BD2D9CEF978D}"
EndProject
Global
	GlobalSection(SolutionConfigurationPlatforms) = preSolution
		Debug|Any CPU = Debug|Any CPU
		Release|Any CPU = Release|Any CPU
	EndGlobalSection
	GlobalSection(ProjectConfigurationPlatforms) = postSolution
		{94311A3C-F6CE-447E-9F88-BD2D9CEF978D}.Debug|Any CPU.ActiveCfg = Debug|Any CPU
		{94311A3C-F6CE-447E-9F88-BD2D9CEF978D}.Debug|Any CPU.Build.0 = Debug|Any CPU
		{94311A3C-F6CE-447E-9F88-BD2D9CEF978D}.Release|Any CPU.ActiveCfg = Release|Any CPU
		{94311A3C-F6CE-447E-9F88-BD2D9CEF978D}.Release|Any CPU.Build.0 = Release|Any CPU
	EndGlobalSection
	GlobalSection(SolutionProperties) = preSolution
		HideSolutionNode = FALSE
	EndGlobalSection
	GlobalSection(ExtensibilityGlobals) = postSolution
		SolutionGuid = {FEA66AA8-6FF5-4447-9F2C-C6096B8CAA21}
	EndGlobalSection
EndGlobal
